// !$*UTF8*$!
{
	archiveVersion = 1;
	classes = {
	};
	objectVersion = 50;
	objects = {

/* Begin PBXBuildFile section */
		AEC282D1241ADE2B000B88F5 /* AppDelegate.swift in Sources */ = {isa = PBXBuildFile; fileRef = AEC282D0241ADE2B000B88F5 /* AppDelegate.swift */; };
		AEC282D3241ADE2B000B88F5 /* SceneDelegate.swift in Sources */ = {isa = PBXBuildFile; fileRef = AEC282D2241ADE2B000B88F5 /* SceneDelegate.swift */; };
		AEC282D5241ADE2B000B88F5 /* ViewController.swift in Sources */ = {isa = PBXBuildFile; fileRef = AEC282D4241ADE2B000B88F5 /* ViewController.swift */; };
		AEC282D8241ADE2B000B88F5 /* Main.storyboard in Resources */ = {isa = PBXBuildFile; fileRef = AEC282D6241ADE2B000B88F5 /* Main.storyboard */; };
		AEC282DA241ADE2D000B88F5 /* Assets.xcassets in Resources */ = {isa = PBXBuildFile; fileRef = AEC282D9241ADE2D000B88F5 /* Assets.xcassets */; };
		AEC282DD241ADE2D000B88F5 /* LaunchScreen.storyboard in Resources */ = {isa = PBXBuildFile; fileRef = AEC282DB241ADE2D000B88F5 /* LaunchScreen.storyboard */; };
		AEC282E8241ADE2E000B88F5 /* HelloWorldStoryboardTests.swift in Sources */ = {isa = PBXBuildFile; fileRef = AEC282E7241ADE2E000B88F5 /* HelloWorldStoryboardTests.swift */; };
		AEC282F3241ADE2E000B88F5 /* HelloWorldStoryboardUITests.swift in Sources */ = {isa = PBXBuildFile; fileRef = AEC282F2241ADE2E000B88F5 /* HelloWorldStoryboardUITests.swift */; };
/* End PBXBuildFile section */

/* Begin PBXContainerItemProxy section */
		AEC282E4241ADE2E000B88F5 /* PBXContainerItemProxy */ = {
			isa = PBXContainerItemProxy;
			containerPortal = AEC282C5241ADE2B000B88F5 /* Project object */;
			proxyType = 1;
			remoteGlobalIDString = AEC282CC241ADE2B000B88F5;
			remoteInfo = HelloWorldStoryboard;
		};
		AEC282EF241ADE2E000B88F5 /* PBXContainerItemProxy */ = {
			isa = PBXContainerItemProxy;
			containerPortal = AEC282C5241ADE2B000B88F5 /* Project object */;
			proxyType = 1;
			remoteGlobalIDString = AEC282CC241ADE2B000B88F5;
			remoteInfo = HelloWorldStoryboard;
		};
/* End PBXContainerItemProxy section */

/* Begin PBXFileReference section */
		AEC282CD241ADE2B000B88F5 /* HelloWorldStoryboard.app */ = {isa = PBXFileReference; explicitFileType = wrapper.application; includeInIndex = 0; path = HelloWorldStoryboard.app; sourceTree = BUILT_PRODUCTS_DIR; };
		AEC282D0241ADE2B000B88F5 /* AppDelegate.swift */ = {isa = PBXFileReference; lastKnownFileType = sourcecode.swift; path = AppDelegate.swift; sourceTree = "<group>"; };
		AEC282D2241ADE2B000B88F5 /* SceneDelegate.swift */ = {isa = PBXFileReference; lastKnownFileType = sourcecode.swift; path = SceneDelegate.swift; sourceTree = "<group>"; };
		AEC282D4241ADE2B000B88F5 /* ViewController.swift */ = {isa = PBXFileReference; lastKnownFileType = sourcecode.swift; path = ViewController.swift; sourceTree = "<group>"; };
		AEC282D7241ADE2B000B88F5 /* Base */ = {isa = PBXFileReference; lastKnownFileType = file.storyboard; name = Base; path = Base.lproj/Main.storyboard; sourceTree = "<group>"; };
		AEC282D9241ADE2D000B88F5 /* Assets.xcassets */ = {isa = PBXFileReference; lastKnownFileType = folder.assetcatalog; path = Assets.xcassets; sourceTree = "<group>"; };
		AEC282DC241ADE2D000B88F5 /* Base */ = {isa = PBXFileReference; lastKnownFileType = file.storyboard; name = Base; path = Base.lproj/LaunchScreen.storyboard; sourceTree = "<group>"; };
		AEC282DE241ADE2D000B88F5 /* Info.plist */ = {isa = PBXFileReference; lastKnownFileType = text.plist.xml; path = Info.plist; sourceTree = "<group>"; };
		AEC282E3241ADE2E000B88F5 /* HelloWorldStoryboardTests.xctest */ = {isa = PBXFileReference; explicitFileType = wrapper.cfbundle; includeInIndex = 0; path = HelloWorldStoryboardTests.xctest; sourceTree = BUILT_PRODUCTS_DIR; };
		AEC282E7241ADE2E000B88F5 /* HelloWorldStoryboardTests.swift */ = {isa = PBXFileReference; lastKnownFileType = sourcecode.swift; path = HelloWorldStoryboardTests.swift; sourceTree = "<group>"; };
		AEC282E9241ADE2E000B88F5 /* Info.plist */ = {isa = PBXFileReference; lastKnownFileType = text.plist.xml; path = Info.plist; sourceTree = "<group>"; };
		AEC282EE241ADE2E000B88F5 /* HelloWorldStoryboardUITests.xctest */ = {isa = PBXFileReference; explicitFileType = wrapper.cfbundle; includeInIndex = 0; path = HelloWorldStoryboardUITests.xctest; sourceTree = BUILT_PRODUCTS_DIR; };
		AEC282F2241ADE2E000B88F5 /* HelloWorldStoryboardUITests.swift */ = {isa = PBXFileReference; lastKnownFileType = sourcecode.swift; path = HelloWorldStoryboardUITests.swift; sourceTree = "<group>"; };
		AEC282F4241ADE2E000B88F5 /* Info.plist */ = {isa = PBXFileReference; lastKnownFileType = text.plist.xml; path = Info.plist; sourceTree = "<group>"; };
/* End PBXFileReference section */

/* Begin PBXFrameworksBuildPhase section */
		AEC282CA241ADE2B000B88F5 /* Frameworks */ = {
			isa = PBXFrameworksBuildPhase;
			buildActionMask = 2147483647;
			files = (
			);
			runOnlyForDeploymentPostprocessing = 0;
		};
		AEC282E0241ADE2E000B88F5 /* Frameworks */ = {
			isa = PBXFrameworksBuildPhase;
			buildActionMask = 2147483647;
			files = (
			);
			runOnlyForDeploymentPostprocessing = 0;
		};
		AEC282EB241ADE2E000B88F5 /* Frameworks */ = {
			isa = PBXFrameworksBuildPhase;
			buildActionMask = 2147483647;
			files = (
			);
			runOnlyForDeploymentPostprocessing = 0;
		};
/* End PBXFrameworksBuildPhase section */

/* Begin PBXGroup section */
		AEC282C4241ADE2B000B88F5 = {
			isa = PBXGroup;
			children = (
				AEC282CF241ADE2B000B88F5 /* HelloWorldStoryboard */,
				AEC282E6241ADE2E000B88F5 /* HelloWorldStoryboardTests */,
				AEC282F1241ADE2E000B88F5 /* HelloWorldStoryboardUITests */,
				AEC282CE241ADE2B000B88F5 /* Products */,
			);
			sourceTree = "<group>";
		};
		AEC282CE241ADE2B000B88F5 /* Products */ = {
			isa = PBXGroup;
			children = (
				AEC282CD241ADE2B000B88F5 /* HelloWorldStoryboard.app */,
				AEC282E3241ADE2E000B88F5 /* HelloWorldStoryboardTests.xctest */,
				AEC282EE241ADE2E000B88F5 /* HelloWorldStoryboardUITests.xctest */,
			);
			name = Products;
			sourceTree = "<group>";
		};
		AEC282CF241ADE2B000B88F5 /* HelloWorldStoryboard */ = {
			isa = PBXGroup;
			children = (
				AEC282D0241ADE2B000B88F5 /* AppDelegate.swift */,
				AEC282D2241ADE2B000B88F5 /* SceneDelegate.swift */,
				AEC282D4241ADE2B000B88F5 /* ViewController.swift */,
				AEC282D6241ADE2B000B88F5 /* Main.storyboard */,
				AEC282D9241ADE2D000B88F5 /* Assets.xcassets */,
				AEC282DB241ADE2D000B88F5 /* LaunchScreen.storyboard */,
				AEC282DE241ADE2D000B88F5 /* Info.plist */,
			);
			path = HelloWorldStoryboard;
			sourceTree = "<group>";
		};
		AEC282E6241ADE2E000B88F5 /* HelloWorldStoryboardTests */ = {
			isa = PBXGroup;
			children = (
				AEC282E7241ADE2E000B88F5 /* HelloWorldStoryboardTests.swift */,
				AEC282E9241ADE2E000B88F5 /* Info.plist */,
			);
			path = HelloWorldStoryboardTests;
			sourceTree = "<group>";
		};
		AEC282F1241ADE2E000B88F5 /* HelloWorldStoryboardUITests */ = {
			isa = PBXGroup;
			children = (
				AEC282F2241ADE2E000B88F5 /* HelloWorldStoryboardUITests.swift */,
				AEC282F4241ADE2E000B88F5 /* Info.plist */,
			);
			path = HelloWorldStoryboardUITests;
			sourceTree = "<group>";
		};
/* End PBXGroup section */

/* Begin PBXNativeTarget section */
		AEC282CC241ADE2B000B88F5 /* HelloWorldStoryboard */ = {
			isa = PBXNativeTarget;
			buildConfigurationList = AEC282F7241ADE2E000B88F5 /* Build configuration list for PBXNativeTarget "HelloWorldStoryboard" */;
			buildPhases = (
				AEC282C9241ADE2B000B88F5 /* Sources */,
				AEC282CA241ADE2B000B88F5 /* Frameworks */,
				AEC282CB241ADE2B000B88F5 /* Resources */,
			);
			buildRules = (
			);
			dependencies = (
			);
			name = HelloWorldStoryboard;
			productName = HelloWorldStoryboard;
			productReference = AEC282CD241ADE2B000B88F5 /* HelloWorldStoryboard.app */;
			productType = "com.apple.product-type.application";
		};
		AEC282E2241ADE2E000B88F5 /* HelloWorldStoryboardTests */ = {
			isa = PBXNativeTarget;
			buildConfigurationList = AEC282FA241ADE2E000B88F5 /* Build configuration list for PBXNativeTarget "HelloWorldStoryboardTests" */;
			buildPhases = (
				AEC282DF241ADE2E000B88F5 /* Sources */,
				AEC282E0241ADE2E000B88F5 /* Frameworks */,
				AEC282E1241ADE2E000B88F5 /* Resources */,
			);
			buildRules = (
			);
			dependencies = (
				AEC282E5241ADE2E000B88F5 /* PBXTargetDependency */,
			);
			name = HelloWorldStoryboardTests;
			productName = HelloWorldStoryboardTests;
			productReference = AEC282E3241ADE2E000B88F5 /* HelloWorldStoryboardTests.xctest */;
			productType = "com.apple.product-type.bundle.unit-test";
		};
		AEC282ED241ADE2E000B88F5 /* HelloWorldStoryboardUITests */ = {
			isa = PBXNativeTarget;
			buildConfigurationList = AEC282FD241ADE2E000B88F5 /* Build configuration list for PBXNativeTarget "HelloWorldStoryboardUITests" */;
			buildPhases = (
				AEC282EA241ADE2E000B88F5 /* Sources */,
				AEC282EB241ADE2E000B88F5 /* Frameworks */,
				AEC282EC241ADE2E000B88F5 /* Resources */,
			);
			buildRules = (
			);
			dependencies = (
				AEC282F0241ADE2E000B88F5 /* PBXTargetDependency */,
			);
			name = HelloWorldStoryboardUITests;
			productName = HelloWorldStoryboardUITests;
			productReference = AEC282EE241ADE2E000B88F5 /* HelloWorldStoryboardUITests.xctest */;
			productType = "com.apple.product-type.bundle.ui-testing";
		};
/* End PBXNativeTarget section */

/* Begin PBXProject section */
		AEC282C5241ADE2B000B88F5 /* Project object */ = {
			isa = PBXProject;
			attributes = {
				LastSwiftUpdateCheck = 1130;
				LastUpgradeCheck = 1130;
				ORGANIZATIONNAME = Piotr;
				TargetAttributes = {
					AEC282CC241ADE2B000B88F5 = {
						CreatedOnToolsVersion = 11.3;
					};
					AEC282E2241ADE2E000B88F5 = {
						CreatedOnToolsVersion = 11.3;
						TestTargetID = AEC282CC241ADE2B000B88F5;
					};
					AEC282ED241ADE2E000B88F5 = {
						CreatedOnToolsVersion = 11.3;
						TestTargetID = AEC282CC241ADE2B000B88F5;
					};
				};
			};
			buildConfigurationList = AEC282C8241ADE2B000B88F5 /* Build configuration list for PBXProject "HelloWorldStoryboard" */;
			compatibilityVersion = "Xcode 9.3";
			developmentRegion = en;
			hasScannedForEncodings = 0;
			knownRegions = (
				en,
				Base,
			);
			mainGroup = AEC282C4241ADE2B000B88F5;
			productRefGroup = AEC282CE241ADE2B000B88F5 /* Products */;
			projectDirPath = "";
			projectRoot = "";
			targets = (
				AEC282CC241ADE2B000B88F5 /* HelloWorldStoryboard */,
				AEC282E2241ADE2E000B88F5 /* HelloWorldStoryboardTests */,
				AEC282ED241ADE2E000B88F5 /* HelloWorldStoryboardUITests */,
			);
		};
/* End PBXProject section */

/* Begin PBXResourcesBuildPhase section */
		AEC282CB241ADE2B000B88F5 /* Resources */ = {
			isa = PBXResourcesBuildPhase;
			buildActionMask = 2147483647;
			files = (
				AEC282DD241ADE2D000B88F5 /* LaunchScreen.storyboard in Resources */,
				AEC282DA241ADE2D000B88F5 /* Assets.xcassets in Resources */,
				AEC282D8241ADE2B000B88F5 /* Main.storyboard in Resources */,
			);
			runOnlyForDeploymentPostprocessing = 0;
		};
		AEC282E1241ADE2E000B88F5 /* Resources */ = {
			isa = PBXResourcesBuildPhase;
			buildActionMask = 2147483647;
			files = (
			);
			runOnlyForDeploymentPostprocessing = 0;
		};
		AEC282EC241ADE2E000B88F5 /* Resources */ = {
			isa = PBXResourcesBuildPhase;
			buildActionMask = 2147483647;
			files = (
			);
			runOnlyForDeploymentPostprocessing = 0;
		};
/* End PBXResourcesBuildPhase section */

/* Begin PBXSourcesBuildPhase section */
		AEC282C9241ADE2B000B88F5 /* Sources */ = {
			isa = PBXSourcesBuildPhase;
			buildActionMask = 2147483647;
			files = (
				AEC282D5241ADE2B000B88F5 /* ViewController.swift in Sources */,
				AEC282D1241ADE2B000B88F5 /* AppDelegate.swift in Sources */,
				AEC282D3241ADE2B000B88F5 /* SceneDelegate.swift in Sources */,
			);
			runOnlyForDeploymentPostprocessing = 0;
		};
		AEC282DF241ADE2E000B88F5 /* Sources */ = {
			isa = PBXSourcesBuildPhase;
			buildActionMask = 2147483647;
			files = (
				AEC282E8241ADE2E000B88F5 /* HelloWorldStoryboardTests.swift in Sources */,
			);
			runOnlyForDeploymentPostprocessing = 0;
		};
		AEC282EA241ADE2E000B88F5 /* Sources */ = {
			isa = PBXSourcesBuildPhase;
			buildActionMask = 2147483647;
			files = (
				AEC282F3241ADE2E000B88F5 /* HelloWorldStoryboardUITests.swift in Sources */,
			);
			runOnlyForDeploymentPostprocessing = 0;
		};
/* End PBXSourcesBuildPhase section */

/* Begin PBXTargetDependency section */
		AEC282E5241ADE2E000B88F5 /* PBXTargetDependency */ = {
			isa = PBXTargetDependency;
			target = AEC282CC241ADE2B000B88F5 /* HelloWorldStoryboard */;
			targetProxy = AEC282E4241ADE2E000B88F5 /* PBXContainerItemProxy */;
		};
		AEC282F0241ADE2E000B88F5 /* PBXTargetDependency */ = {
			isa = PBXTargetDependency;
			target = AEC282CC241ADE2B000B88F5 /* HelloWorldStoryboard */;
			targetProxy = AEC282EF241ADE2E000B88F5 /* PBXContainerItemProxy */;
		};
/* End PBXTargetDependency section */

/* Begin PBXVariantGroup section */
		AEC282D6241ADE2B000B88F5 /* Main.storyboard */ = {
			isa = PBXVariantGroup;
			children = (
				AEC282D7241ADE2B000B88F5 /* Base */,
			);
			name = Main.storyboard;
			sourceTree = "<group>";
		};
		AEC282DB241ADE2D000B88F5 /* LaunchScreen.storyboard */ = {
			isa = PBXVariantGroup;
			children = (
				AEC282DC241ADE2D000B88F5 /* Base */,
			);
			name = LaunchScreen.storyboard;
			sourceTree = "<group>";
		};
/* End PBXVariantGroup section */

/* Begin XCBuildConfiguration section */
		AEC282F5241ADE2E000B88F5 /* Debug */ = {
			isa = XCBuildConfiguration;
			buildSettings = {
				ALWAYS_SEARCH_USER_PATHS = NO;
				CLANG_ANALYZER_NONNULL = YES;
				CLANG_ANALYZER_NUMBER_OBJECT_CONVERSION = YES_AGGRESSIVE;
				CLANG_CXX_LANGUAGE_STANDARD = "gnu++14";
				CLANG_CXX_LIBRARY = "libc++";
				CLANG_ENABLE_MODULES = YES;
				CLANG_ENABLE_OBJC_ARC = YES;
				CLANG_ENABLE_OBJC_WEAK = YES;
				CLANG_WARN_BLOCK_CAPTURE_AUTORELEASING = YES;
				CLANG_WARN_BOOL_CONVERSION = YES;
				CLANG_WARN_COMMA = YES;
				CLANG_WARN_CONSTANT_CONVERSION = YES;
				CLANG_WARN_DEPRECATED_OBJC_IMPLEMENTATIONS = YES;
				CLANG_WARN_DIRECT_OBJC_ISA_USAGE = YES_ERROR;
				CLANG_WARN_DOCUMENTATION_COMMENTS = YES;
				CLANG_WARN_EMPTY_BODY = YES;
				CLANG_WARN_ENUM_CONVERSION = YES;
				CLANG_WARN_INFINITE_RECURSION = YES;
				CLANG_WARN_INT_CONVERSION = YES;
				CLANG_WARN_NON_LITERAL_NULL_CONVERSION = YES;
				CLANG_WARN_OBJC_IMPLICIT_RETAIN_SELF = YES;
				CLANG_WARN_OBJC_LITERAL_CONVERSION = YES;
				CLANG_WARN_OBJC_ROOT_CLASS = YES_ERROR;
				CLANG_WARN_RANGE_LOOP_ANALYSIS = YES;
				CLANG_WARN_STRICT_PROTOTYPES = YES;
				CLANG_WARN_SUSPICIOUS_MOVE = YES;
				CLANG_WARN_UNGUARDED_AVAILABILITY = YES_AGGRESSIVE;
				CLANG_WARN_UNREACHABLE_CODE = YES;
				CLANG_WARN__DUPLICATE_METHOD_MATCH = YES;
				COPY_PHASE_STRIP = NO;
				DEBUG_INFORMATION_FORMAT = dwarf;
				ENABLE_STRICT_OBJC_MSGSEND = YES;
				ENABLE_TESTABILITY = YES;
				GCC_C_LANGUAGE_STANDARD = gnu11;
				GCC_DYNAMIC_NO_PIC = NO;
				GCC_NO_COMMON_BLOCKS = YES;
				GCC_OPTIMIZATION_LEVEL = 0;
				GCC_PREPROCESSOR_DEFINITIONS = (
					"DEBUG=1",
					"$(inherited)",
				);
				GCC_WARN_64_TO_32_BIT_CONVERSION = YES;
				GCC_WARN_ABOUT_RETURN_TYPE = YES_ERROR;
				GCC_WARN_UNDECLARED_SELECTOR = YES;
				GCC_WARN_UNINITIALIZED_AUTOS = YES_AGGRESSIVE;
				GCC_WARN_UNUSED_FUNCTION = YES;
				GCC_WARN_UNUSED_VARIABLE = YES;
				IPHONEOS_DEPLOYMENT_TARGET = 13.2;
				MTL_ENABLE_DEBUG_INFO = INCLUDE_SOURCE;
				MTL_FAST_MATH = YES;
				ONLY_ACTIVE_ARCH = YES;
				SDKROOT = iphoneos;
				SWIFT_ACTIVE_COMPILATION_CONDITIONS = DEBUG;
				SWIFT_OPTIMIZATION_LEVEL = "-Onone";
			};
			name = Debug;
		};
		AEC282F6241ADE2E000B88F5 /* Release */ = {
			isa = XCBuildConfiguration;
			buildSettings = {
				ALWAYS_SEARCH_USER_PATHS = NO;
				CLANG_ANALYZER_NONNULL = YES;
				CLANG_ANALYZER_NUMBER_OBJECT_CONVERSION = YES_AGGRESSIVE;
				CLANG_CXX_LANGUAGE_STANDARD = "gnu++14";
				CLANG_CXX_LIBRARY = "libc++";
				CLANG_ENABLE_MODULES = YES;
				CLANG_ENABLE_OBJC_ARC = YES;
				CLANG_ENABLE_OBJC_WEAK = YES;
				CLANG_WARN_BLOCK_CAPTURE_AUTORELEASING = YES;
				CLANG_WARN_BOOL_CONVERSION = YES;
				CLANG_WARN_COMMA = YES;
				CLANG_WARN_CONSTANT_CONVERSION = YES;
				CLANG_WARN_DEPRECATED_OBJC_IMPLEMENTATIONS = YES;
				CLANG_WARN_DIRECT_OBJC_ISA_USAGE = YES_ERROR;
				CLANG_WARN_DOCUMENTATION_COMMENTS = YES;
				CLANG_WARN_EMPTY_BODY = YES;
				CLANG_WARN_ENUM_CONVERSION = YES;
				CLANG_WARN_INFINITE_RECURSION = YES;
				CLANG_WARN_INT_CONVERSION = YES;
				CLANG_WARN_NON_LITERAL_NULL_CONVERSION = YES;
				CLANG_WARN_OBJC_IMPLICIT_RETAIN_SELF = YES;
				CLANG_WARN_OBJC_LITERAL_CONVERSION = YES;
				CLANG_WARN_OBJC_ROOT_CLASS = YES_ERROR;
				CLANG_WARN_RANGE_LOOP_ANALYSIS = YES;
				CLANG_WARN_STRICT_PROTOTYPES = YES;
				CLANG_WARN_SUSPICIOUS_MOVE = YES;
				CLANG_WARN_UNGUARDED_AVAILABILITY = YES_AGGRESSIVE;
				CLANG_WARN_UNREACHABLE_CODE = YES;
				CLANG_WARN__DUPLICATE_METHOD_MATCH = YES;
				COPY_PHASE_STRIP = NO;
				DEBUG_INFORMATION_FORMAT = "dwarf-with-dsym";
				ENABLE_NS_ASSERTIONS = NO;
				ENABLE_STRICT_OBJC_MSGSEND = YES;
				GCC_C_LANGUAGE_STANDARD = gnu11;
				GCC_NO_COMMON_BLOCKS = YES;
				GCC_WARN_64_TO_32_BIT_CONVERSION = YES;
				GCC_WARN_ABOUT_RETURN_TYPE = YES_ERROR;
				GCC_WARN_UNDECLARED_SELECTOR = YES;
				GCC_WARN_UNINITIALIZED_AUTOS = YES_AGGRESSIVE;
				GCC_WARN_UNUSED_FUNCTION = YES;
				GCC_WARN_UNUSED_VARIABLE = YES;
				IPHONEOS_DEPLOYMENT_TARGET = 13.2;
				MTL_ENABLE_DEBUG_INFO = NO;
				MTL_FAST_MATH = YES;
				SDKROOT = iphoneos;
				SWIFT_COMPILATION_MODE = wholemodule;
				SWIFT_OPTIMIZATION_LEVEL = "-O";
				VALIDATE_PRODUCT = YES;
			};
			name = Release;
		};
		AEC282F8241ADE2E000B88F5 /* Debug */ = {
			isa = XCBuildConfiguration;
			buildSettings = {
				ASSETCATALOG_COMPILER_APPICON_NAME = AppIcon;
				CODE_SIGN_IDENTITY = "Apple Development";
				CODE_SIGN_STYLE = Automatic;
				DEVELOPMENT_TEAM = TCKV8EY4B5;
				INFOPLIST_FILE = HelloWorldStoryboard/Info.plist;
				LD_RUNPATH_SEARCH_PATHS = (
					"$(inherited)",
					"@executable_path/Frameworks",
				);
				PRODUCT_BUNDLE_IDENTIFIER = com.helloworldstoryboard.HelloWorldStoryboard2;
				PRODUCT_NAME = "$(TARGET_NAME)";
				PROVISIONING_PROFILE_SPECIFIER = "";
				SWIFT_VERSION = 5.0;
				TARGETED_DEVICE_FAMILY = "1,2";
			};
			name = Debug;
		};
		AEC282F9241ADE2E000B88F5 /* Release */ = {
			isa = XCBuildConfiguration;
			buildSettings = {
				ASSETCATALOG_COMPILER_APPICON_NAME = AppIcon;
				CODE_SIGN_IDENTITY = "Apple Development";
				CODE_SIGN_STYLE = Automatic;
				DEVELOPMENT_TEAM = TCKV8EY4B5;
				INFOPLIST_FILE = HelloWorldStoryboard/Info.plist;
				LD_RUNPATH_SEARCH_PATHS = (
					"$(inherited)",
					"@executable_path/Frameworks",
				);
				PRODUCT_BUNDLE_IDENTIFIER = com.helloworldstoryboard.HelloWorldStoryboard2;
				PRODUCT_NAME = "$(TARGET_NAME)";
				PROVISIONING_PROFILE_SPECIFIER = "";
				SWIFT_VERSION = 5.0;
				TARGETED_DEVICE_FAMILY = "1,2";
			};
			name = Release;
		};
		AEC282FB241ADE2E000B88F5 /* Debug */ = {
			isa = XCBuildConfiguration;
			buildSettings = {
				ALWAYS_EMBED_SWIFT_STANDARD_LIBRARIES = YES;
				BUNDLE_LOADER = "$(TEST_HOST)";
				CODE_SIGN_STYLE = Automatic;
				DEVELOPMENT_TEAM = G69WPZ8ZL9;
				INFOPLIST_FILE = HelloWorldStoryboardTests/Info.plist;
				IPHONEOS_DEPLOYMENT_TARGET = 13.2;
				LD_RUNPATH_SEARCH_PATHS = (
					"$(inherited)",
					"@executable_path/Frameworks",
					"@loader_path/Frameworks",
				);
				PRODUCT_BUNDLE_IDENTIFIER = com.helloworldstoryboard.HelloWorldStoryboardTests;
				PRODUCT_NAME = "$(TARGET_NAME)";
				SWIFT_VERSION = 5.0;
				TARGETED_DEVICE_FAMILY = "1,2";
				TEST_HOST = "$(BUILT_PRODUCTS_DIR)/HelloWorldStoryboard.app/HelloWorldStoryboard";
			};
			name = Debug;
		};
		AEC282FC241ADE2E000B88F5 /* Release */ = {
			isa = XCBuildConfiguration;
			buildSettings = {
				ALWAYS_EMBED_SWIFT_STANDARD_LIBRARIES = YES;
				BUNDLE_LOADER = "$(TEST_HOST)";
				CODE_SIGN_STYLE = Automatic;
				DEVELOPMENT_TEAM = G69WPZ8ZL9;
				INFOPLIST_FILE = HelloWorldStoryboardTests/Info.plist;
				IPHONEOS_DEPLOYMENT_TARGET = 13.2;
				LD_RUNPATH_SEARCH_PATHS = (
					"$(inherited)",
					"@executable_path/Frameworks",
					"@loader_path/Frameworks",
				);
				PRODUCT_BUNDLE_IDENTIFIER = com.helloworldstoryboard.HelloWorldStoryboardTests;
				PRODUCT_NAME = "$(TARGET_NAME)";
				SWIFT_VERSION = 5.0;
				TARGETED_DEVICE_FAMILY = "1,2";
				TEST_HOST = "$(BUILT_PRODUCTS_DIR)/HelloWorldStoryboard.app/HelloWorldStoryboard";
			};
			name = Release;
		};
		AEC282FE241ADE2E000B88F5 /* Debug */ = {
			isa = XCBuildConfiguration;
			buildSettings = {
				ALWAYS_EMBED_SWIFT_STANDARD_LIBRARIES = YES;
				CODE_SIGN_STYLE = Automatic;
				DEVELOPMENT_TEAM = G69WPZ8ZL9;
				INFOPLIST_FILE = HelloWorldStoryboardUITests/Info.plist;
				LD_RUNPATH_SEARCH_PATHS = (
					"$(inherited)",
					"@executable_path/Frameworks",
					"@loader_path/Frameworks",
				);
				PRODUCT_BUNDLE_IDENTIFIER = com.helloworldstoryboard.HelloWorldStoryboardUITests;
				PRODUCT_NAME = "$(TARGET_NAME)";
				SWIFT_VERSION = 5.0;
				TARGETED_DEVICE_FAMILY = "1,2";
				TEST_TARGET_NAME = HelloWorldStoryboard;
			};
			name = Debug;
		};
		AEC282FF241ADE2E000B88F5 /* Release */ = {
			isa = XCBuildConfiguration;
			buildSettings = {
				ALWAYS_EMBED_SWIFT_STANDARD_LIBRARIES = YES;
				CODE_SIGN_STYLE = Automatic;
				DEVELOPMENT_TEAM = G69WPZ8ZL9;
				INFOPLIST_FILE = HelloWorldStoryboardUITests/Info.plist;
				LD_RUNPATH_SEARCH_PATHS = (
					"$(inherited)",
					"@executable_path/Frameworks",
					"@loader_path/Frameworks",
				);
				PRODUCT_BUNDLE_IDENTIFIER = com.helloworldstoryboard.HelloWorldStoryboardUITests;
				PRODUCT_NAME = "$(TARGET_NAME)";
				SWIFT_VERSION = 5.0;
				TARGETED_DEVICE_FAMILY = "1,2";
				TEST_TARGET_NAME = HelloWorldStoryboard;
			};
			name = Release;
		};
/* End XCBuildConfiguration section */

/* Begin XCConfigurationList section */
		AEC282C8241ADE2B000B88F5 /* Build configuration list for PBXProject "HelloWorldStoryboard" */ = {
			isa = XCConfigurationList;
			buildConfigurations = (
				AEC282F5241ADE2E000B88F5 /* Debug */,
				AEC282F6241ADE2E000B88F5 /* Release */,
			);
			defaultConfigurationIsVisible = 0;
			defaultConfigurationName = Release;
		};
		AEC282F7241ADE2E000B88F5 /* Build configuration list for PBXNativeTarget "HelloWorldStoryboard" */ = {
			isa = XCConfigurationList;
			buildConfigurations = (
				AEC282F8241ADE2E000B88F5 /* Debug */,
				AEC282F9241ADE2E000B88F5 /* Release */,
			);
			defaultConfigurationIsVisible = 0;
			defaultConfigurationName = Release;
		};
		AEC282FA241ADE2E000B88F5 /* Build configuration list for PBXNativeTarget "HelloWorldStoryboardTests" */ = {
			isa = XCConfigurationList;
			buildConfigurations = (
				AEC282FB241ADE2E000B88F5 /* Debug */,
				AEC282FC241ADE2E000B88F5 /* Release */,
			);
			defaultConfigurationIsVisible = 0;
			defaultConfigurationName = Release;
		};
		AEC282FD241ADE2E000B88F5 /* Build configuration list for PBXNativeTarget "HelloWorldStoryboardUITests" */ = {
			isa = XCConfigurationList;
			buildConfigurations = (
				AEC282FE241ADE2E000B88F5 /* Debug */,
				AEC282FF241ADE2E000B88F5 /* Release */,
			);
			defaultConfigurationIsVisible = 0;
			defaultConfigurationName = Release;
		};
/* End XCConfigurationList section */
	};
	rootObject = AEC282C5241ADE2B000B88F5 /* Project object */;
}
